// !$*UTF8*$!
{
	archiveVersion = 1;
	classes = {
	};
	objectVersion = 56;
	objects = {

/* Begin PBXBuildFile section */
		F56DB8B32C17A3F80025C782 /* RefSupportApp.swift in Sources */ = {isa = PBXBuildFile; fileRef = F56DB8B22C17A3F80025C782 /* RefSupportApp.swift */; };
		F56DB8B52C17A3F80025C782 /* ContentView.swift in Sources */ = {isa = PBXBuildFile; fileRef = F56DB8B42C17A3F80025C782 /* ContentView.swift */; };
		F56DB8B72C17A3F90025C782 /* Assets.xcassets in Resources */ = {isa = PBXBuildFile; fileRef = F56DB8B62C17A3F90025C782 /* Assets.xcassets */; };
		F56DB8BA2C17A3F90025C782 /* Preview Assets.xcassets in Resources */ = {isa = PBXBuildFile; fileRef = F56DB8B92C17A3F90025C782 /* Preview Assets.xcassets */; };
		F56DB8CC2C17A5AF0025C782 /* LoginView.swift in Sources */ = {isa = PBXBuildFile; fileRef = F56DB8CB2C17A5AF0025C782 /* LoginView.swift */; };
		F56DB8CE2C17A63C0025C782 /* InputView.swift in Sources */ = {isa = PBXBuildFile; fileRef = F56DB8CD2C17A63C0025C782 /* InputView.swift */; };
		F56DB8D02C17A7100025C782 /* RegistrationView.swift in Sources */ = {isa = PBXBuildFile; fileRef = F56DB8CF2C17A7100025C782 /* RegistrationView.swift */; };
		F56DB8D22C17A7720025C782 /* ProfileView.swift in Sources */ = {isa = PBXBuildFile; fileRef = F56DB8D12C17A7720025C782 /* ProfileView.swift */; };
		F56DB8D42C17A8A30025C782 /* SettingsRowView.swift in Sources */ = {isa = PBXBuildFile; fileRef = F56DB8D32C17A8A30025C782 /* SettingsRowView.swift */; };
		F56DB8D62C17A9C00025C782 /* User.swift in Sources */ = {isa = PBXBuildFile; fileRef = F56DB8D52C17A9C00025C782 /* User.swift */; };
		F56DB8D82C18D3570025C782 /* GoogleService-Info.plist in Resources */ = {isa = PBXBuildFile; fileRef = F56DB8D72C18D3570025C782 /* GoogleService-Info.plist */; };
		F56DB8DB2C18D3F50025C782 /* FirebaseAuth in Frameworks */ = {isa = PBXBuildFile; productRef = F56DB8DA2C18D3F50025C782 /* FirebaseAuth */; };
		F56DB8DD2C18D3F50025C782 /* FirebaseFirestore in Frameworks */ = {isa = PBXBuildFile; productRef = F56DB8DC2C18D3F50025C782 /* FirebaseFirestore */; };
		F56DB8DF2C18D3F50025C782 /* FirebaseFirestoreSwift in Frameworks */ = {isa = PBXBuildFile; productRef = F56DB8DE2C18D3F50025C782 /* FirebaseFirestoreSwift */; };
		F56DB8E12C18D3F50025C782 /* FirebaseStorage in Frameworks */ = {isa = PBXBuildFile; productRef = F56DB8E02C18D3F50025C782 /* FirebaseStorage */; };
		F56DB8E52C18D45D0025C782 /* AuthViewModel.swift in Sources */ = {isa = PBXBuildFile; fileRef = F56DB8E42C18D45D0025C782 /* AuthViewModel.swift */; };
		F56DB8E72C18D58C0025C782 /* HomeView.swift in Sources */ = {isa = PBXBuildFile; fileRef = F56DB8E62C18D58C0025C782 /* HomeView.swift */; };
		F5DAF6C22C22D2BE00D0BC6F /* CardView.swift in Sources */ = {isa = PBXBuildFile; fileRef = F5DAF6C12C22D2BE00D0BC6F /* CardView.swift */; };
		F5DAF6C42C22FA3300D0BC6F /* Resource.swift in Sources */ = {isa = PBXBuildFile; fileRef = F5DAF6C32C22FA3300D0BC6F /* Resource.swift */; };
		F5F490392C29C6DF00F409D5 /* ResourceView.swift in Sources */ = {isa = PBXBuildFile; fileRef = F5F490382C29C6DF00F409D5 /* ResourceView.swift */; };
		F5F4903B2C29CAC700F409D5 /* UpdatesView.swift in Sources */ = {isa = PBXBuildFile; fileRef = F5F4903A2C29CAC700F409D5 /* UpdatesView.swift */; };
/* End PBXBuildFile section */

/* Begin PBXFileReference section */
		F56DB8AF2C17A3F80025C782 /* RefSupport.app */ = {isa = PBXFileReference; explicitFileType = wrapper.application; includeInIndex = 0; path = RefSupport.app; sourceTree = BUILT_PRODUCTS_DIR; };
		F56DB8B22C17A3F80025C782 /* RefSupportApp.swift */ = {isa = PBXFileReference; lastKnownFileType = sourcecode.swift; path = RefSupportApp.swift; sourceTree = "<group>"; };
		F56DB8B42C17A3F80025C782 /* ContentView.swift */ = {isa = PBXFileReference; lastKnownFileType = sourcecode.swift; path = ContentView.swift; sourceTree = "<group>"; };
		F56DB8B62C17A3F90025C782 /* Assets.xcassets */ = {isa = PBXFileReference; lastKnownFileType = folder.assetcatalog; path = Assets.xcassets; sourceTree = "<group>"; };
		F56DB8B92C17A3F90025C782 /* Preview Assets.xcassets */ = {isa = PBXFileReference; lastKnownFileType = folder.assetcatalog; path = "Preview Assets.xcassets"; sourceTree = "<group>"; };
		F56DB8CB2C17A5AF0025C782 /* LoginView.swift */ = {isa = PBXFileReference; lastKnownFileType = sourcecode.swift; path = LoginView.swift; sourceTree = "<group>"; };
		F56DB8CD2C17A63C0025C782 /* InputView.swift */ = {isa = PBXFileReference; lastKnownFileType = sourcecode.swift; path = InputView.swift; sourceTree = "<group>"; };
		F56DB8CF2C17A7100025C782 /* RegistrationView.swift */ = {isa = PBXFileReference; lastKnownFileType = sourcecode.swift; path = RegistrationView.swift; sourceTree = "<group>"; };
		F56DB8D12C17A7720025C782 /* ProfileView.swift */ = {isa = PBXFileReference; lastKnownFileType = sourcecode.swift; path = ProfileView.swift; sourceTree = "<group>"; };
		F56DB8D32C17A8A30025C782 /* SettingsRowView.swift */ = {isa = PBXFileReference; lastKnownFileType = sourcecode.swift; path = SettingsRowView.swift; sourceTree = "<group>"; };
		F56DB8D52C17A9C00025C782 /* User.swift */ = {isa = PBXFileReference; lastKnownFileType = sourcecode.swift; path = User.swift; sourceTree = "<group>"; };
		F56DB8D72C18D3570025C782 /* GoogleService-Info.plist */ = {isa = PBXFileReference; fileEncoding = 4; lastKnownFileType = text.plist.xml; path = "GoogleService-Info.plist"; sourceTree = "<group>"; };
		F56DB8E42C18D45D0025C782 /* AuthViewModel.swift */ = {isa = PBXFileReference; lastKnownFileType = sourcecode.swift; path = AuthViewModel.swift; sourceTree = "<group>"; };
		F56DB8E62C18D58C0025C782 /* HomeView.swift */ = {isa = PBXFileReference; lastKnownFileType = sourcecode.swift; path = HomeView.swift; sourceTree = "<group>"; };
		F5DAF6C12C22D2BE00D0BC6F /* CardView.swift */ = {isa = PBXFileReference; lastKnownFileType = sourcecode.swift; path = CardView.swift; sourceTree = "<group>"; };
		F5DAF6C32C22FA3300D0BC6F /* Resource.swift */ = {isa = PBXFileReference; lastKnownFileType = sourcecode.swift; path = Resource.swift; sourceTree = "<group>"; };
		F5F490382C29C6DF00F409D5 /* ResourceView.swift */ = {isa = PBXFileReference; lastKnownFileType = sourcecode.swift; path = ResourceView.swift; sourceTree = "<group>"; };
		F5F4903A2C29CAC700F409D5 /* UpdatesView.swift */ = {isa = PBXFileReference; lastKnownFileType = sourcecode.swift; path = UpdatesView.swift; sourceTree = "<group>"; };
/* End PBXFileReference section */

/* Begin PBXFrameworksBuildPhase section */
		F56DB8AC2C17A3F80025C782 /* Frameworks */ = {
			isa = PBXFrameworksBuildPhase;
			buildActionMask = 2147483647;
			files = (
				F56DB8DB2C18D3F50025C782 /* FirebaseAuth in Frameworks */,
				F56DB8E12C18D3F50025C782 /* FirebaseStorage in Frameworks */,
				F56DB8DD2C18D3F50025C782 /* FirebaseFirestore in Frameworks */,
				F56DB8DF2C18D3F50025C782 /* FirebaseFirestoreSwift in Frameworks */,
			);
			runOnlyForDeploymentPostprocessing = 0;
		};
/* End PBXFrameworksBuildPhase section */

/* Begin PBXGroup section */
		F56DB8A62C17A3F80025C782 = {
			isa = PBXGroup;
			children = (
				F56DB8B12C17A3F80025C782 /* RefSupport */,
				F56DB8B02C17A3F80025C782 /* Products */,
			);
			sourceTree = "<group>";
		};
		F56DB8B02C17A3F80025C782 /* Products */ = {
			isa = PBXGroup;
			children = (
				F56DB8AF2C17A3F80025C782 /* RefSupport.app */,
			);
			name = Products;
			sourceTree = "<group>";
		};
		F56DB8B12C17A3F80025C782 /* RefSupport */ = {
			isa = PBXGroup;
			children = (
				F56DB8C42C17A4E50025C782 /* App */,
				F56DB8C52C17A4F00025C782 /* Components */,
				F56DB8C62C17A4FA0025C782 /* Core */,
				F56DB8C72C17A5070025C782 /* Model */,
				F56DB8B62C17A3F90025C782 /* Assets.xcassets */,
				F56DB8D72C18D3570025C782 /* GoogleService-Info.plist */,
				F56DB8B82C17A3F90025C782 /* Preview Content */,
			);
			path = RefSupport;
			sourceTree = "<group>";
		};
		F56DB8B82C17A3F90025C782 /* Preview Content */ = {
			isa = PBXGroup;
			children = (
				F56DB8B92C17A3F90025C782 /* Preview Assets.xcassets */,
			);
			path = "Preview Content";
			sourceTree = "<group>";
		};
		F56DB8C42C17A4E50025C782 /* App */ = {
			isa = PBXGroup;
			children = (
				F56DB8B22C17A3F80025C782 /* RefSupportApp.swift */,
			);
			path = App;
			sourceTree = "<group>";
		};
		F56DB8C52C17A4F00025C782 /* Components */ = {
			isa = PBXGroup;
			children = (
				F56DB8CD2C17A63C0025C782 /* InputView.swift */,
				F56DB8D32C17A8A30025C782 /* SettingsRowView.swift */,
				F5DAF6C12C22D2BE00D0BC6F /* CardView.swift */,
			);
			path = Components;
			sourceTree = "<group>";
		};
		F56DB8C62C17A4FA0025C782 /* Core */ = {
			isa = PBXGroup;
			children = (
				F56DB8C92C17A5610025C782 /* Authentication */,
				F56DB8CA2C17A5690025C782 /* Profile */,
				F56DB8C82C17A5470025C782 /* Root */,
			);
			path = Core;
			sourceTree = "<group>";
		};
		F56DB8C72C17A5070025C782 /* Model */ = {
			isa = PBXGroup;
			children = (
				F56DB8D52C17A9C00025C782 /* User.swift */,
				F5DAF6C32C22FA3300D0BC6F /* Resource.swift */,
			);
			path = Model;
			sourceTree = "<group>";
		};
		F56DB8C82C17A5470025C782 /* Root */ = {
			isa = PBXGroup;
			children = (
				F56DB8B42C17A3F80025C782 /* ContentView.swift */,
			);
			path = Root;
			sourceTree = "<group>";
		};
		F56DB8C92C17A5610025C782 /* Authentication */ = {
			isa = PBXGroup;
			children = (
				F56DB8E32C18D4370025C782 /* ViewModel */,
				F56DB8E22C18D42F0025C782 /* View */,
			);
			path = Authentication;
			sourceTree = "<group>";
		};
		F56DB8CA2C17A5690025C782 /* Profile */ = {
			isa = PBXGroup;
			children = (
				F56DB8D12C17A7720025C782 /* ProfileView.swift */,
			);
			path = Profile;
			sourceTree = "<group>";
		};
		F56DB8E22C18D42F0025C782 /* View */ = {
			isa = PBXGroup;
			children = (
				F56DB8CB2C17A5AF0025C782 /* LoginView.swift */,
				F56DB8CF2C17A7100025C782 /* RegistrationView.swift */,
				F56DB8E62C18D58C0025C782 /* HomeView.swift */,
				F5F490382C29C6DF00F409D5 /* ResourceView.swift */,
				F5F4903A2C29CAC700F409D5 /* UpdatesView.swift */,
			);
			path = View;
			sourceTree = "<group>";
		};
		F56DB8E32C18D4370025C782 /* ViewModel */ = {
			isa = PBXGroup;
			children = (
				F56DB8E42C18D45D0025C782 /* AuthViewModel.swift */,
			);
			path = ViewModel;
			sourceTree = "<group>";
		};
/* End PBXGroup section */

/* Begin PBXNativeTarget section */
		F56DB8AE2C17A3F80025C782 /* RefSupport */ = {
			isa = PBXNativeTarget;
			buildConfigurationList = F56DB8BD2C17A3F90025C782 /* Build configuration list for PBXNativeTarget "RefSupport" */;
			buildPhases = (
				F56DB8AB2C17A3F80025C782 /* Sources */,
				F56DB8AC2C17A3F80025C782 /* Frameworks */,
				F56DB8AD2C17A3F80025C782 /* Resources */,
			);
			buildRules = (
			);
			dependencies = (
			);
			name = RefSupport;
			packageProductDependencies = (
				F56DB8DA2C18D3F50025C782 /* FirebaseAuth */,
				F56DB8DC2C18D3F50025C782 /* FirebaseFirestore */,
				F56DB8DE2C18D3F50025C782 /* FirebaseFirestoreSwift */,
				F56DB8E02C18D3F50025C782 /* FirebaseStorage */,
			);
			productName = RefSupport;
			productReference = F56DB8AF2C17A3F80025C782 /* RefSupport.app */;
			productType = "com.apple.product-type.application";
		};
/* End PBXNativeTarget section */

/* Begin PBXProject section */
		F56DB8A72C17A3F80025C782 /* Project object */ = {
			isa = PBXProject;
			attributes = {
				BuildIndependentTargetsInParallel = 1;
				LastSwiftUpdateCheck = 1530;
				LastUpgradeCheck = 1530;
				TargetAttributes = {
					F56DB8AE2C17A3F80025C782 = {
						CreatedOnToolsVersion = 15.3;
					};
				};
			};
			buildConfigurationList = F56DB8AA2C17A3F80025C782 /* Build configuration list for PBXProject "RefSupport" */;
			compatibilityVersion = "Xcode 14.0";
			developmentRegion = en;
			hasScannedForEncodings = 0;
			knownRegions = (
				en,
				Base,
			);
			mainGroup = F56DB8A62C17A3F80025C782;
			packageReferences = (
				F56DB8D92C18D3F50025C782 /* XCRemoteSwiftPackageReference "firebase-ios-sdk" */,
			);
			productRefGroup = F56DB8B02C17A3F80025C782 /* Products */;
			projectDirPath = "";
			projectRoot = "";
			targets = (
				F56DB8AE2C17A3F80025C782 /* RefSupport */,
			);
		};
/* End PBXProject section */

/* Begin PBXResourcesBuildPhase section */
		F56DB8AD2C17A3F80025C782 /* Resources */ = {
			isa = PBXResourcesBuildPhase;
			buildActionMask = 2147483647;
			files = (
				F56DB8BA2C17A3F90025C782 /* Preview Assets.xcassets in Resources */,
				F56DB8B72C17A3F90025C782 /* Assets.xcassets in Resources */,
				F56DB8D82C18D3570025C782 /* GoogleService-Info.plist in Resources */,
			);
			runOnlyForDeploymentPostprocessing = 0;
		};
/* End PBXResourcesBuildPhase section */

/* Begin PBXSourcesBuildPhase section */
		F56DB8AB2C17A3F80025C782 /* Sources */ = {
			isa = PBXSourcesBuildPhase;
			buildActionMask = 2147483647;
			files = (
				F56DB8CC2C17A5AF0025C782 /* LoginView.swift in Sources */,
				F56DB8CE2C17A63C0025C782 /* InputView.swift in Sources */,
				F56DB8B52C17A3F80025C782 /* ContentView.swift in Sources */,
				F56DB8E72C18D58C0025C782 /* HomeView.swift in Sources */,
				F56DB8B32C17A3F80025C782 /* RefSupportApp.swift in Sources */,
				F56DB8D62C17A9C00025C782 /* User.swift in Sources */,
				F56DB8D22C17A7720025C782 /* ProfileView.swift in Sources */,
				F5F4903B2C29CAC700F409D5 /* UpdatesView.swift in Sources */,
				F56DB8D02C17A7100025C782 /* RegistrationView.swift in Sources */,
				F5F490392C29C6DF00F409D5 /* ResourceView.swift in Sources */,
				F56DB8D42C17A8A30025C782 /* SettingsRowView.swift in Sources */,
				F5DAF6C42C22FA3300D0BC6F /* Resource.swift in Sources */,
				F5DAF6C22C22D2BE00D0BC6F /* CardView.swift in Sources */,
				F56DB8E52C18D45D0025C782 /* AuthViewModel.swift in Sources */,
			);
			runOnlyForDeploymentPostprocessing = 0;
		};
/* End PBXSourcesBuildPhase section */

/* Begin XCBuildConfiguration section */
		F56DB8BB2C17A3F90025C782 /* Debug */ = {
			isa = XCBuildConfiguration;
			buildSettings = {
				ALWAYS_SEARCH_USER_PATHS = NO;
				ASSETCATALOG_COMPILER_GENERATE_SWIFT_ASSET_SYMBOL_EXTENSIONS = YES;
				CLANG_ANALYZER_NONNULL = YES;
				CLANG_ANALYZER_NUMBER_OBJECT_CONVERSION = YES_AGGRESSIVE;
				CLANG_CXX_LANGUAGE_STANDARD = "gnu++20";
				CLANG_ENABLE_MODULES = YES;
				CLANG_ENABLE_OBJC_ARC = YES;
				CLANG_ENABLE_OBJC_WEAK = YES;
				CLANG_WARN_BLOCK_CAPTURE_AUTORELEASING = YES;
				CLANG_WARN_BOOL_CONVERSION = YES;
				CLANG_WARN_COMMA = YES;
				CLANG_WARN_CONSTANT_CONVERSION = YES;
				CLANG_WARN_DEPRECATED_OBJC_IMPLEMENTATIONS = YES;
				CLANG_WARN_DIRECT_OBJC_ISA_USAGE = YES_ERROR;
				CLANG_WARN_DOCUMENTATION_COMMENTS = YES;
				CLANG_WARN_EMPTY_BODY = YES;
				CLANG_WARN_ENUM_CONVERSION = YES;
				CLANG_WARN_INFINITE_RECURSION = YES;
				CLANG_WARN_INT_CONVERSION = YES;
				CLANG_WARN_NON_LITERAL_NULL_CONVERSION = YES;
				CLANG_WARN_OBJC_IMPLICIT_RETAIN_SELF = YES;
				CLANG_WARN_OBJC_LITERAL_CONVERSION = YES;
				CLANG_WARN_OBJC_ROOT_CLASS = YES_ERROR;
				CLANG_WARN_QUOTED_INCLUDE_IN_FRAMEWORK_HEADER = YES;
				CLANG_WARN_RANGE_LOOP_ANALYSIS = YES;
				CLANG_WARN_STRICT_PROTOTYPES = YES;
				CLANG_WARN_SUSPICIOUS_MOVE = YES;
				CLANG_WARN_UNGUARDED_AVAILABILITY = YES_AGGRESSIVE;
				CLANG_WARN_UNREACHABLE_CODE = YES;
				CLANG_WARN__DUPLICATE_METHOD_MATCH = YES;
				COPY_PHASE_STRIP = NO;
				DEBUG_INFORMATION_FORMAT = dwarf;
				ENABLE_STRICT_OBJC_MSGSEND = YES;
				ENABLE_TESTABILITY = YES;
				ENABLE_USER_SCRIPT_SANDBOXING = YES;
				GCC_C_LANGUAGE_STANDARD = gnu17;
				GCC_DYNAMIC_NO_PIC = NO;
				GCC_NO_COMMON_BLOCKS = YES;
				GCC_OPTIMIZATION_LEVEL = 0;
				GCC_PREPROCESSOR_DEFINITIONS = (
					"DEBUG=1",
					"$(inherited)",
				);
				GCC_WARN_64_TO_32_BIT_CONVERSION = YES;
				GCC_WARN_ABOUT_RETURN_TYPE = YES_ERROR;
				GCC_WARN_UNDECLARED_SELECTOR = YES;
				GCC_WARN_UNINITIALIZED_AUTOS = YES_AGGRESSIVE;
				GCC_WARN_UNUSED_FUNCTION = YES;
				GCC_WARN_UNUSED_VARIABLE = YES;
				IPHONEOS_DEPLOYMENT_TARGET = 17.4;
				LOCALIZATION_PREFERS_STRING_CATALOGS = YES;
				MTL_ENABLE_DEBUG_INFO = INCLUDE_SOURCE;
				MTL_FAST_MATH = YES;
				ONLY_ACTIVE_ARCH = YES;
				SDKROOT = iphoneos;
				SWIFT_ACTIVE_COMPILATION_CONDITIONS = "DEBUG $(inherited)";
				SWIFT_OPTIMIZATION_LEVEL = "-Onone";
			};
			name = Debug;
		};
		F56DB8BC2C17A3F90025C782 /* Release */ = {
			isa = XCBuildConfiguration;
			buildSettings = {
				ALWAYS_SEARCH_USER_PATHS = NO;
				ASSETCATALOG_COMPILER_GENERATE_SWIFT_ASSET_SYMBOL_EXTENSIONS = YES;
				CLANG_ANALYZER_NONNULL = YES;
				CLANG_ANALYZER_NUMBER_OBJECT_CONVERSION = YES_AGGRESSIVE;
				CLANG_CXX_LANGUAGE_STANDARD = "gnu++20";
				CLANG_ENABLE_MODULES = YES;
				CLANG_ENABLE_OBJC_ARC = YES;
				CLANG_ENABLE_OBJC_WEAK = YES;
				CLANG_WARN_BLOCK_CAPTURE_AUTORELEASING = YES;
				CLANG_WARN_BOOL_CONVERSION = YES;
				CLANG_WARN_COMMA = YES;
				CLANG_WARN_CONSTANT_CONVERSION = YES;
				CLANG_WARN_DEPRECATED_OBJC_IMPLEMENTATIONS = YES;
				CLANG_WARN_DIRECT_OBJC_ISA_USAGE = YES_ERROR;
				CLANG_WARN_DOCUMENTATION_COMMENTS = YES;
				CLANG_WARN_EMPTY_BODY = YES;
				CLANG_WARN_ENUM_CONVERSION = YES;
				CLANG_WARN_INFINITE_RECURSION = YES;
				CLANG_WARN_INT_CONVERSION = YES;
				CLANG_WARN_NON_LITERAL_NULL_CONVERSION = YES;
				CLANG_WARN_OBJC_IMPLICIT_RETAIN_SELF = YES;
				CLANG_WARN_OBJC_LITERAL_CONVERSION = YES;
				CLANG_WARN_OBJC_ROOT_CLASS = YES_ERROR;
				CLANG_WARN_QUOTED_INCLUDE_IN_FRAMEWORK_HEADER = YES;
				CLANG_WARN_RANGE_LOOP_ANALYSIS = YES;
				CLANG_WARN_STRICT_PROTOTYPES = YES;
				CLANG_WARN_SUSPICIOUS_MOVE = YES;
				CLANG_WARN_UNGUARDED_AVAILABILITY = YES_AGGRESSIVE;
				CLANG_WARN_UNREACHABLE_CODE = YES;
				CLANG_WARN__DUPLICATE_METHOD_MATCH = YES;
				COPY_PHASE_STRIP = NO;
				DEBUG_INFORMATION_FORMAT = "dwarf-with-dsym";
				ENABLE_NS_ASSERTIONS = NO;
				ENABLE_STRICT_OBJC_MSGSEND = YES;
				ENABLE_USER_SCRIPT_SANDBOXING = YES;
				GCC_C_LANGUAGE_STANDARD = gnu17;
				GCC_NO_COMMON_BLOCKS = YES;
				GCC_WARN_64_TO_32_BIT_CONVERSION = YES;
				GCC_WARN_ABOUT_RETURN_TYPE = YES_ERROR;
				GCC_WARN_UNDECLARED_SELECTOR = YES;
				GCC_WARN_UNINITIALIZED_AUTOS = YES_AGGRESSIVE;
				GCC_WARN_UNUSED_FUNCTION = YES;
				GCC_WARN_UNUSED_VARIABLE = YES;
				IPHONEOS_DEPLOYMENT_TARGET = 17.4;
				LOCALIZATION_PREFERS_STRING_CATALOGS = YES;
				MTL_ENABLE_DEBUG_INFO = NO;
				MTL_FAST_MATH = YES;
				SDKROOT = iphoneos;
				SWIFT_COMPILATION_MODE = wholemodule;
				VALIDATE_PRODUCT = YES;
			};
			name = Release;
		};
		F56DB8BE2C17A3F90025C782 /* Debug */ = {
			isa = XCBuildConfiguration;
			buildSettings = {
				ASSETCATALOG_COMPILER_APPICON_NAME = AppIcon;
				ASSETCATALOG_COMPILER_GLOBAL_ACCENT_COLOR_NAME = AccentColor;
				CODE_SIGN_STYLE = Automatic;
				CURRENT_PROJECT_VERSION = 1;
				DEVELOPMENT_ASSET_PATHS = "\"RefSupport/Preview Content\"";
				DEVELOPMENT_TEAM = WMG5K497P6;
				ENABLE_PREVIEWS = YES;
				GENERATE_INFOPLIST_FILE = YES;
				INFOPLIST_KEY_UIApplicationSceneManifest_Generation = YES;
				INFOPLIST_KEY_UIApplicationSupportsIndirectInputEvents = YES;
				INFOPLIST_KEY_UILaunchScreen_Generation = YES;
				INFOPLIST_KEY_UISupportedInterfaceOrientations_iPad = "UIInterfaceOrientationPortrait UIInterfaceOrientationPortraitUpsideDown UIInterfaceOrientationLandscapeLeft UIInterfaceOrientationLandscapeRight";
				INFOPLIST_KEY_UISupportedInterfaceOrientations_iPhone = "UIInterfaceOrientationPortrait UIInterfaceOrientationLandscapeLeft UIInterfaceOrientationLandscapeRight";
				LD_RUNPATH_SEARCH_PATHS = (
					"$(inherited)",
					"@executable_path/Frameworks",
				);
				MARKETING_VERSION = 1.0;
				PRODUCT_BUNDLE_IDENTIFIER = shakeb.RefSupport;
				PRODUCT_NAME = "$(TARGET_NAME)";
				SWIFT_EMIT_LOC_STRINGS = YES;
				SWIFT_VERSION = 5.0;
				TARGETED_DEVICE_FAMILY = "1,2";
			};
			name = Debug;
		};
		F56DB8BF2C17A3F90025C782 /* Release */ = {
			isa = XCBuildConfiguration;
			buildSettings = {
				ASSETCATALOG_COMPILER_APPICON_NAME = AppIcon;
				ASSETCATALOG_COMPILER_GLOBAL_ACCENT_COLOR_NAME = AccentColor;
				CODE_SIGN_STYLE = Automatic;
				CURRENT_PROJECT_VERSION = 1;
				DEVELOPMENT_ASSET_PATHS = "\"RefSupport/Preview Content\"";
				DEVELOPMENT_TEAM = WMG5K497P6;
				ENABLE_PREVIEWS = YES;
				GENERATE_INFOPLIST_FILE = YES;
				INFOPLIST_KEY_UIApplicationSceneManifest_Generation = YES;
				INFOPLIST_KEY_UIApplicationSupportsIndirectInputEvents = YES;
				INFOPLIST_KEY_UILaunchScreen_Generation = YES;
				INFOPLIST_KEY_UISupportedInterfaceOrientations_iPad = "UIInterfaceOrientationPortrait UIInterfaceOrientationPortraitUpsideDown UIInterfaceOrientationLandscapeLeft UIInterfaceOrientationLandscapeRight";
				INFOPLIST_KEY_UISupportedInterfaceOrientations_iPhone = "UIInterfaceOrientationPortrait UIInterfaceOrientationLandscapeLeft UIInterfaceOrientationLandscapeRight";
				LD_RUNPATH_SEARCH_PATHS = (
					"$(inherited)",
					"@executable_path/Frameworks",
				);
				MARKETING_VERSION = 1.0;
				PRODUCT_BUNDLE_IDENTIFIER = shakeb.RefSupport;
				PRODUCT_NAME = "$(TARGET_NAME)";
				SWIFT_EMIT_LOC_STRINGS = YES;
				SWIFT_VERSION = 5.0;
				TARGETED_DEVICE_FAMILY = "1,2";
			};
			name = Release;
		};
/* End XCBuildConfiguration section */

/* Begin XCConfigurationList section */
		F56DB8AA2C17A3F80025C782 /* Build configuration list for PBXProject "RefSupport" */ = {
			isa = XCConfigurationList;
			buildConfigurations = (
				F56DB8BB2C17A3F90025C782 /* Debug */,
				F56DB8BC2C17A3F90025C782 /* Release */,
			);
			defaultConfigurationIsVisible = 0;
			defaultConfigurationName = Release;
		};
		F56DB8BD2C17A3F90025C782 /* Build configuration list for PBXNativeTarget "RefSupport" */ = {
			isa = XCConfigurationList;
			buildConfigurations = (
				F56DB8BE2C17A3F90025C782 /* Debug */,
				F56DB8BF2C17A3F90025C782 /* Release */,
			);
			defaultConfigurationIsVisible = 0;
			defaultConfigurationName = Release;
		};
/* End XCConfigurationList section */

/* Begin XCRemoteSwiftPackageReference section */
		F56DB8D92C18D3F50025C782 /* XCRemoteSwiftPackageReference "firebase-ios-sdk" */ = {
			isa = XCRemoteSwiftPackageReference;
			repositoryURL = "https://github.com/firebase/firebase-ios-sdk";
			requirement = {
				kind = upToNextMajorVersion;
				minimumVersion = 10.27.0;
			};
		};
/* End XCRemoteSwiftPackageReference section */

/* Begin XCSwiftPackageProductDependency section */
		F56DB8DA2C18D3F50025C782 /* FirebaseAuth */ = {
			isa = XCSwiftPackageProductDependency;
			package = F56DB8D92C18D3F50025C782 /* XCRemoteSwiftPackageReference "firebase-ios-sdk" */;
			productName = FirebaseAuth;
		};
		F56DB8DC2C18D3F50025C782 /* FirebaseFirestore */ = {
			isa = XCSwiftPackageProductDependency;
			package = F56DB8D92C18D3F50025C782 /* XCRemoteSwiftPackageReference "firebase-ios-sdk" */;
			productName = FirebaseFirestore;
		};
		F56DB8DE2C18D3F50025C782 /* FirebaseFirestoreSwift */ = {
			isa = XCSwiftPackageProductDependency;
			package = F56DB8D92C18D3F50025C782 /* XCRemoteSwiftPackageReference "firebase-ios-sdk" */;
			productName = FirebaseFirestoreSwift;
		};
		F56DB8E02C18D3F50025C782 /* FirebaseStorage */ = {
			isa = XCSwiftPackageProductDependency;
			package = F56DB8D92C18D3F50025C782 /* XCRemoteSwiftPackageReference "firebase-ios-sdk" */;
			productName = FirebaseStorage;
		};
/* End XCSwiftPackageProductDependency section */
	};
	rootObject = F56DB8A72C17A3F80025C782 /* Project object */;
}
